
Microsoft Visual Studio Solution File, Format Version 12.00
# Visual Studio 14
VisualStudioVersion = 14.0.25420.1
MinimumVisualStudioVersion = 10.0.40219.1
Project("{2150E333-8FDC-42A3-9474-1A3956D46DE8}") = "Tools", "Tools", "{06DAD84D-12E5-4DE8-8E85-EF2A15DC8B06}"
EndProject
Project("{2150E333-8FDC-42A3-9474-1A3956D46DE8}") = "Document", "Document", "{F253D446-93C5-414D-B5D4-67FF57D12198}"
	ProjectSection(SolutionItems) = preProject
		README.md = README.md
	EndProjectSection
EndProject
Project("{FAE04EC0-301F-11D3-BF4B-00C04F79EFBC}") = "ThunderUrlDecoder", "ThunderUrlDecoder\ThunderUrlDecoder.csproj", "{5C95D5C7-364B-46F9-A52C-FA9C07113C82}"
EndProject
Global
	GlobalSection(SolutionConfigurationPlatforms) = preSolution
		Debug|Any CPU = Debug|Any CPU
		Release|Any CPU = Release|Any CPU
	EndGlobalSection
	GlobalSection(ProjectConfigurationPlatforms) = postSolution
		{5C95D5C7-364B-46F9-A52C-FA9C07113C82}.Debug|Any CPU.ActiveCfg = Debug|Any CPU
		{5C95D5C7-364B-46F9-A52C-FA9C07113C82}.Debug|Any CPU.Build.0 = Debug|Any CPU
		{5C95D5C7-364B-46F9-A52C-FA9C07113C82}.Release|Any CPU.ActiveCfg = Release|Any CPU
		{5C95D5C7-364B-46F9-A52C-FA9C07113C82}.Release|Any CPU.Build.0 = Release|Any CPU
	EndGlobalSection
	GlobalSection(SolutionProperties) = preSolution
		HideSolutionNode = FALSE
	EndGlobalSection
	GlobalSection(NestedProjects) = preSolution
		{5C95D5C7-364B-46F9-A52C-FA9C07113C82} = {06DAD84D-12E5-4DE8-8E85-EF2A15DC8B06}
	EndGlobalSection
EndGlobal
